
Microsoft Visual Studio Solution File, Format Version 12.00
# Visual Studio Version 17
VisualStudioVersion = 17.2.32505.173
MinimumVisualStudioVersion = 10.0.40219.1
Project("{FAE04EC0-301F-11D3-BF4B-00C04F79EFBC}") = "MessagingApp", "MessagingApp\MessagingApp.csproj", "{3FA97335-B5FA-48DB-A51C-01C41A9B735A}"
EndProject
Global
	GlobalSection(SolutionConfigurationPlatforms) = preSolution
		Debug|Any CPU = Debug|Any CPU
		Release|Any CPU = Release|Any CPU
	EndGlobalSection
	GlobalSection(ProjectConfigurationPlatforms) = postSolution
		{3FA97335-B5FA-48DB-A51C-01C41A9B735A}.Debug|Any CPU.ActiveCfg = Debug|Any CPU
		{3FA97335-B5FA-48DB-A51C-01C41A9B735A}.Debug|Any CPU.Build.0 = Debug|Any CPU
		{3FA97335-B5FA-48DB-A51C-01C41A9B735A}.Release|Any CPU.ActiveCfg = Release|Any CPU
		{3FA97335-B5FA-48DB-A51C-01C41A9B735A}.Release|Any CPU.Build.0 = Release|Any CPU
	EndGlobalSection
	GlobalSection(SolutionProperties) = preSolution
		HideSolutionNode = FALSE
	EndGlobalSection
	GlobalSection(ExtensibilityGlobals) = postSolution
		SolutionGuid = {ABDDDB0D-E701-4CB1-A30F-E8D60632E3FC}
	EndGlobalSection
EndGlobal
